<?xml version="1.0" encoding="utf-8"?>
<Project ToolsVersion="4.0" xmlns="http://schemas.microsoft.com/developer/msbuild/2003">
  <ItemGroup>
    <Filter Include="ソース ファイル">
      <UniqueIdentifier>{4FC737F1-C7A5-4376-A066-2A32D752A2FF}</UniqueIdentifier>
      <Extensions>cpp;c;cc;cxx;def;odl;idl;hpj;bat;asm;asmx</Extensions>
    </Filter>
    <Filter Include="リソース ファイル">
      <UniqueIdentifier>{67DA6AB6-F800-4c08-8B7A-83BB121AAD01}</UniqueIdentifier>
      <Extensions>rc;ico;cur;bmp;dlg;rc2;rct;bin;rgs;gif;jpg;jpeg;jpe;resx;tiff;tif;png;wav;mfcribbon-ms</Extensions>
    </Filter>
    <Filter Include="ソース ファイル\Game">
      <UniqueIdentifier>{947581ad-30b8-42bc-b642-72ab97f87407}</UniqueIdentifier>
    </Filter>
    <Filter Include="ソース ファイル\Title">
      <UniqueIdentifier>{c07f6857-1f72-4227-9175-3675b165dafb}</UniqueIdentifier>
    </Filter>
    <Filter Include="ソース ファイル\Scene">
      <UniqueIdentifier>{fa8cfdd9-937a-4680-9597-ede6d5acf0f4}</UniqueIdentifier>
    </Filter>
    <Filter Include="ソース ファイル\Common">
      <UniqueIdentifier>{f48ae60c-f02a-4a5f-b9eb-a31bacc4cf94}</UniqueIdentifier>
    </Filter>
  </ItemGroup>
  <ItemGroup>
    <ClCompile Include="src\main.cpp">
      <Filter>ソース ファイル</Filter>
    </ClCompile>
    <ClCompile Include="src\Looper.cpp">
      <Filter>ソース ファイル</Filter>
    </ClCompile>
    <ClCompile Include="src\SystemMain.cpp">
      <Filter>ソース ファイル</Filter>
    </ClCompile>
    <ClCompile Include="src\AbstractScene.cpp">
      <Filter>ソース ファイル\Scene</Filter>
    </ClCompile>
    <ClCompile Include="src\TitleScene.cpp">
      <Filter>ソース ファイル\Title</Filter>
    </ClCompile>
    <ClCompile Include="src\Define.cpp">
      <Filter>ソース ファイル\Common</Filter>
    </ClCompile>
    <ClCompile Include="src\Parameter.cpp">
      <Filter>ソース ファイル\Scene</Filter>
    </ClCompile>
  </ItemGroup>
  <ItemGroup>
    <ClInclude Include="src\Looper.h">
      <Filter>ソース ファイル</Filter>
    </ClInclude>
    <ClInclude Include="src\SystemMain.h">
      <Filter>ソース ファイル</Filter>
    </ClInclude>
    <ClInclude Include="src\AbstractScene.h">
      <Filter>ソース ファイル\Scene</Filter>
    </ClInclude>
    <ClInclude Include="src\IOnSceneChangedListener.h">
      <Filter>ソース ファイル\Scene</Filter>
    </ClInclude>
    <ClInclude Include="src\eScene.h">
      <Filter>ソース ファイル\Scene</Filter>
    </ClInclude>
    <ClInclude Include="src\Task.h">
      <Filter>ソース ファイル\Common</Filter>
    </ClInclude>
    <ClInclude Include="src\TitleScene.h">
      <Filter>ソース ファイル\Title</Filter>
    </ClInclude>
    <ClInclude Include="src\Parameter.h">
      <Filter>ソース ファイル\Scene</Filter>
    </ClInclude>
    <ClInclude Include="src\Define.h">
      <Filter>ソース ファイル\Common</Filter>
    </ClInclude>
  </ItemGroup>
</Project>