
Microsoft Visual Studio Solution File, Format Version 11.00
# Visual Studio 2010
Project("{8BC9CEB8-8B4A-11D0-8D11-00A0C91BC942}") = "Ryujin2", "Ryujin2.vcxproj", "{E3869050-39D3-40E2-9236-C1FB4ACFAF24}"
EndProject
Global
	GlobalSection(SolutionConfigurationPlatforms) = preSolution
		Debug|Win32 = Debug|Win32
		Release|Win32 = Release|Win32
	EndGlobalSection
	GlobalSection(ProjectConfigurationPlatforms) = postSolution
		{E3869050-39D3-40E2-9236-C1FB4ACFAF24}.Debug|Win32.ActiveCfg = Debug|Win32
		{E3869050-39D3-40E2-9236-C1FB4ACFAF24}.Debug|Win32.Build.0 = Debug|Win32
		{E3869050-39D3-40E2-9236-C1FB4ACFAF24}.Release|Win32.ActiveCfg = Release|Win32
		{E3869050-39D3-40E2-9236-C1FB4ACFAF24}.Release|Win32.Build.0 = Release|Win32
	EndGlobalSection
	GlobalSection(SolutionProperties) = preSolution
		HideSolutionNode = FALSE
	EndGlobalSection
EndGlobal
